// !$*UTF8*$!
{
	archiveVersion = 1;
	classes = {
	};
	objectVersion = 55;
	objects = {

/* Begin PBXBuildFile section */
		942D3EB0289BF26C006EF29C /* AppDelegate.swift in Sources */ = {isa = PBXBuildFile; fileRef = 942D3EAF289BF26C006EF29C /* AppDelegate.swift */; };
		942D3EB2289BF26C006EF29C /* SceneDelegate.swift in Sources */ = {isa = PBXBuildFile; fileRef = 942D3EB1289BF26C006EF29C /* SceneDelegate.swift */; };
		942D3EB4289BF26C006EF29C /* ViewController.swift in Sources */ = {isa = PBXBuildFile; fileRef = 942D3EB3289BF26C006EF29C /* ViewController.swift */; };
		942D3EB7289BF26C006EF29C /* Main.storyboard in Resources */ = {isa = PBXBuildFile; fileRef = 942D3EB5289BF26C006EF29C /* Main.storyboard */; };
		942D3EB9289BF26E006EF29C /* Assets.xcassets in Resources */ = {isa = PBXBuildFile; fileRef = 942D3EB8289BF26E006EF29C /* Assets.xcassets */; };
		942D3EBC289BF26E006EF29C /* LaunchScreen.storyboard in Resources */ = {isa = PBXBuildFile; fileRef = 942D3EBA289BF26E006EF29C /* LaunchScreen.storyboard */; };
		942D3EC5289BF699006EF29C /* SpringAnimation in Frameworks */ = {isa = PBXBuildFile; productRef = 942D3EC4289BF699006EF29C /* SpringAnimation */; };
		948DB5DA28A05BDE00FAD004 /* DataStore.swift in Sources */ = {isa = PBXBuildFile; fileRef = 948DB5D928A05BDE00FAD004 /* DataStore.swift */; };
		948DB5DC28A05C6000FAD004 /* Animation.swift in Sources */ = {isa = PBXBuildFile; fileRef = 948DB5DB28A05C6000FAD004 /* Animation.swift */; };
/* End PBXBuildFile section */

/* Begin PBXFileReference section */
		942D3EAC289BF26C006EF29C /* CoreAnimation.app */ = {isa = PBXFileReference; explicitFileType = wrapper.application; includeInIndex = 0; path = CoreAnimation.app; sourceTree = BUILT_PRODUCTS_DIR; };
		942D3EAF289BF26C006EF29C /* AppDelegate.swift */ = {isa = PBXFileReference; lastKnownFileType = sourcecode.swift; path = AppDelegate.swift; sourceTree = "<group>"; };
		942D3EB1289BF26C006EF29C /* SceneDelegate.swift */ = {isa = PBXFileReference; lastKnownFileType = sourcecode.swift; path = SceneDelegate.swift; sourceTree = "<group>"; };
		942D3EB3289BF26C006EF29C /* ViewController.swift */ = {isa = PBXFileReference; lastKnownFileType = sourcecode.swift; path = ViewController.swift; sourceTree = "<group>"; };
		942D3EB6289BF26C006EF29C /* Base */ = {isa = PBXFileReference; lastKnownFileType = file.storyboard; name = Base; path = Base.lproj/Main.storyboard; sourceTree = "<group>"; };
		942D3EB8289BF26E006EF29C /* Assets.xcassets */ = {isa = PBXFileReference; lastKnownFileType = folder.assetcatalog; path = Assets.xcassets; sourceTree = "<group>"; };
		942D3EBB289BF26E006EF29C /* Base */ = {isa = PBXFileReference; lastKnownFileType = file.storyboard; name = Base; path = Base.lproj/LaunchScreen.storyboard; sourceTree = "<group>"; };
		942D3EBD289BF26E006EF29C /* Info.plist */ = {isa = PBXFileReference; lastKnownFileType = text.plist.xml; path = Info.plist; sourceTree = "<group>"; };
		948DB5D928A05BDE00FAD004 /* DataStore.swift */ = {isa = PBXFileReference; lastKnownFileType = sourcecode.swift; path = DataStore.swift; sourceTree = "<group>"; };
		948DB5DB28A05C6000FAD004 /* Animation.swift */ = {isa = PBXFileReference; lastKnownFileType = sourcecode.swift; path = Animation.swift; sourceTree = "<group>"; };
/* End PBXFileReference section */

/* Begin PBXFrameworksBuildPhase section */
		942D3EA9289BF26C006EF29C /* Frameworks */ = {
			isa = PBXFrameworksBuildPhase;
			buildActionMask = 2147483647;
			files = (
				942D3EC5289BF699006EF29C /* SpringAnimation in Frameworks */,
			);
			runOnlyForDeploymentPostprocessing = 0;
		};
/* End PBXFrameworksBuildPhase section */

/* Begin PBXGroup section */
		942D3EA3289BF26C006EF29C = {
			isa = PBXGroup;
			children = (
				942D3EAE289BF26C006EF29C /* CoreAnimation */,
				942D3EAD289BF26C006EF29C /* Products */,
			);
			sourceTree = "<group>";
		};
		942D3EAD289BF26C006EF29C /* Products */ = {
			isa = PBXGroup;
			children = (
				942D3EAC289BF26C006EF29C /* CoreAnimation.app */,
			);
			name = Products;
			sourceTree = "<group>";
		};
		942D3EAE289BF26C006EF29C /* CoreAnimation */ = {
			isa = PBXGroup;
			children = (
				942D3EAF289BF26C006EF29C /* AppDelegate.swift */,
				942D3EB1289BF26C006EF29C /* SceneDelegate.swift */,
				942D3EB3289BF26C006EF29C /* ViewController.swift */,
				948DB5D928A05BDE00FAD004 /* DataStore.swift */,
				948DB5DB28A05C6000FAD004 /* Animation.swift */,
				942D3EB5289BF26C006EF29C /* Main.storyboard */,
				942D3EB8289BF26E006EF29C /* Assets.xcassets */,
				942D3EBA289BF26E006EF29C /* LaunchScreen.storyboard */,
				942D3EBD289BF26E006EF29C /* Info.plist */,
			);
			path = CoreAnimation;
			sourceTree = "<group>";
		};
/* End PBXGroup section */

/* Begin PBXNativeTarget section */
		942D3EAB289BF26C006EF29C /* CoreAnimation */ = {
			isa = PBXNativeTarget;
			buildConfigurationList = 942D3EC0289BF26E006EF29C /* Build configuration list for PBXNativeTarget "CoreAnimation" */;
			buildPhases = (
				942D3EA8289BF26C006EF29C /* Sources */,
				942D3EA9289BF26C006EF29C /* Frameworks */,
				942D3EAA289BF26C006EF29C /* Resources */,
			);
			buildRules = (
			);
			dependencies = (
			);
			name = CoreAnimation;
			packageProductDependencies = (
				942D3EC4289BF699006EF29C /* SpringAnimation */,
			);
			productName = CoreAnimation;
			productReference = 942D3EAC289BF26C006EF29C /* CoreAnimation.app */;
			productType = "com.apple.product-type.application";
		};
/* End PBXNativeTarget section */

/* Begin PBXProject section */
		942D3EA4289BF26C006EF29C /* Project object */ = {
			isa = PBXProject;
			attributes = {
				BuildIndependentTargetsInParallel = 1;
				LastSwiftUpdateCheck = 1330;
				LastUpgradeCheck = 1330;
				TargetAttributes = {
					942D3EAB289BF26C006EF29C = {
						CreatedOnToolsVersion = 13.3.1;
					};
				};
			};
			buildConfigurationList = 942D3EA7289BF26C006EF29C /* Build configuration list for PBXProject "CoreAnimation" */;
			compatibilityVersion = "Xcode 13.0";
			developmentRegion = en;
			hasScannedForEncodings = 0;
			knownRegions = (
				en,
				Base,
			);
			mainGroup = 942D3EA3289BF26C006EF29C;
			packageReferences = (
				942D3EC3289BF698006EF29C /* XCRemoteSwiftPackageReference "SpringAnimation" */,
			);
			productRefGroup = 942D3EAD289BF26C006EF29C /* Products */;
			projectDirPath = "";
			projectRoot = "";
			targets = (
				942D3EAB289BF26C006EF29C /* CoreAnimation */,
			);
		};
/* End PBXProject section */

/* Begin PBXResourcesBuildPhase section */
		942D3EAA289BF26C006EF29C /* Resources */ = {
			isa = PBXResourcesBuildPhase;
			buildActionMask = 2147483647;
			files = (
				942D3EBC289BF26E006EF29C /* LaunchScreen.storyboard in Resources */,
				942D3EB9289BF26E006EF29C /* Assets.xcassets in Resources */,
				942D3EB7289BF26C006EF29C /* Main.storyboard in Resources */,
			);
			runOnlyForDeploymentPostprocessing = 0;
		};
/* End PBXResourcesBuildPhase section */

/* Begin PBXSourcesBuildPhase section */
		942D3EA8289BF26C006EF29C /* Sources */ = {
			isa = PBXSourcesBuildPhase;
			buildActionMask = 2147483647;
			files = (
				942D3EB4289BF26C006EF29C /* ViewController.swift in Sources */,
				948DB5DA28A05BDE00FAD004 /* DataStore.swift in Sources */,
				942D3EB0289BF26C006EF29C /* AppDelegate.swift in Sources */,
				948DB5DC28A05C6000FAD004 /* Animation.swift in Sources */,
				942D3EB2289BF26C006EF29C /* SceneDelegate.swift in Sources */,
			);
			runOnlyForDeploymentPostprocessing = 0;
		};
/* End PBXSourcesBuildPhase section */

/* Begin PBXVariantGroup section */
		942D3EB5289BF26C006EF29C /* Main.storyboard */ = {
			isa = PBXVariantGroup;
			children = (
				942D3EB6289BF26C006EF29C /* Base */,
			);
			name = Main.storyboard;
			sourceTree = "<group>";
		};
		942D3EBA289BF26E006EF29C /* LaunchScreen.storyboard */ = {
			isa = PBXVariantGroup;
			children = (
				942D3EBB289BF26E006EF29C /* Base */,
			);
			name = LaunchScreen.storyboard;
			sourceTree = "<group>";
		};
/* End PBXVariantGroup section */

/* Begin XCBuildConfiguration section */
		942D3EBE289BF26E006EF29C /* Debug */ = {
			isa = XCBuildConfiguration;
			buildSettings = {
				ALWAYS_SEARCH_USER_PATHS = NO;
				CLANG_ANALYZER_NONNULL = YES;
				CLANG_ANALYZER_NUMBER_OBJECT_CONVERSION = YES_AGGRESSIVE;
				CLANG_CXX_LANGUAGE_STANDARD = "gnu++17";
				CLANG_ENABLE_MODULES = YES;
				CLANG_ENABLE_OBJC_ARC = YES;
				CLANG_ENABLE_OBJC_WEAK = YES;
				CLANG_WARN_BLOCK_CAPTURE_AUTORELEASING = YES;
				CLANG_WARN_BOOL_CONVERSION = YES;
				CLANG_WARN_COMMA = YES;
				CLANG_WARN_CONSTANT_CONVERSION = YES;
				CLANG_WARN_DEPRECATED_OBJC_IMPLEMENTATIONS = YES;
				CLANG_WARN_DIRECT_OBJC_ISA_USAGE = YES_ERROR;
				CLANG_WARN_DOCUMENTATION_COMMENTS = YES;
				CLANG_WARN_EMPTY_BODY = YES;
				CLANG_WARN_ENUM_CONVERSION = YES;
				CLANG_WARN_INFINITE_RECURSION = YES;
				CLANG_WARN_INT_CONVERSION = YES;
				CLANG_WARN_NON_LITERAL_NULL_CONVERSION = YES;
				CLANG_WARN_OBJC_IMPLICIT_RETAIN_SELF = YES;
				CLANG_WARN_OBJC_LITERAL_CONVERSION = YES;
				CLANG_WARN_OBJC_ROOT_CLASS = YES_ERROR;
				CLANG_WARN_QUOTED_INCLUDE_IN_FRAMEWORK_HEADER = YES;
				CLANG_WARN_RANGE_LOOP_ANALYSIS = YES;
				CLANG_WARN_STRICT_PROTOTYPES = YES;
				CLANG_WARN_SUSPICIOUS_MOVE = YES;
				CLANG_WARN_UNGUARDED_AVAILABILITY = YES_AGGRESSIVE;
				CLANG_WARN_UNREACHABLE_CODE = YES;
				CLANG_WARN__DUPLICATE_METHOD_MATCH = YES;
				COPY_PHASE_STRIP = NO;
				DEBUG_INFORMATION_FORMAT = dwarf;
				ENABLE_STRICT_OBJC_MSGSEND = YES;
				ENABLE_TESTABILITY = YES;
				GCC_C_LANGUAGE_STANDARD = gnu11;
				GCC_DYNAMIC_NO_PIC = NO;
				GCC_NO_COMMON_BLOCKS = YES;
				GCC_OPTIMIZATION_LEVEL = 0;
				GCC_PREPROCESSOR_DEFINITIONS = (
					"DEBUG=1",
					"$(inherited)",
				);
				GCC_WARN_64_TO_32_BIT_CONVERSION = YES;
				GCC_WARN_ABOUT_RETURN_TYPE = YES_ERROR;
				GCC_WARN_UNDECLARED_SELECTOR = YES;
				GCC_WARN_UNINITIALIZED_AUTOS = YES_AGGRESSIVE;
				GCC_WARN_UNUSED_FUNCTION = YES;
				GCC_WARN_UNUSED_VARIABLE = YES;
				IPHONEOS_DEPLOYMENT_TARGET = 15.4;
				MTL_ENABLE_DEBUG_INFO = INCLUDE_SOURCE;
				MTL_FAST_MATH = YES;
				ONLY_ACTIVE_ARCH = YES;
				SDKROOT = iphoneos;
				SWIFT_ACTIVE_COMPILATION_CONDITIONS = DEBUG;
				SWIFT_OPTIMIZATION_LEVEL = "-Onone";
			};
			name = Debug;
		};
		942D3EBF289BF26E006EF29C /* Release */ = {
			isa = XCBuildConfiguration;
			buildSettings = {
				ALWAYS_SEARCH_USER_PATHS = NO;
				CLANG_ANALYZER_NONNULL = YES;
				CLANG_ANALYZER_NUMBER_OBJECT_CONVERSION = YES_AGGRESSIVE;
				CLANG_CXX_LANGUAGE_STANDARD = "gnu++17";
				CLANG_ENABLE_MODULES = YES;
				CLANG_ENABLE_OBJC_ARC = YES;
				CLANG_ENABLE_OBJC_WEAK = YES;
				CLANG_WARN_BLOCK_CAPTURE_AUTORELEASING = YES;
				CLANG_WARN_BOOL_CONVERSION = YES;
				CLANG_WARN_COMMA = YES;
				CLANG_WARN_CONSTANT_CONVERSION = YES;
				CLANG_WARN_DEPRECATED_OBJC_IMPLEMENTATIONS = YES;
				CLANG_WARN_DIRECT_OBJC_ISA_USAGE = YES_ERROR;
				CLANG_WARN_DOCUMENTATION_COMMENTS = YES;
				CLANG_WARN_EMPTY_BODY = YES;
				CLANG_WARN_ENUM_CONVERSION = YES;
				CLANG_WARN_INFINITE_RECURSION = YES;
				CLANG_WARN_INT_CONVERSION = YES;
				CLANG_WARN_NON_LITERAL_NULL_CONVERSION = YES;
				CLANG_WARN_OBJC_IMPLICIT_RETAIN_SELF = YES;
				CLANG_WARN_OBJC_LITERAL_CONVERSION = YES;
				CLANG_WARN_OBJC_ROOT_CLASS = YES_ERROR;
				CLANG_WARN_QUOTED_INCLUDE_IN_FRAMEWORK_HEADER = YES;
				CLANG_WARN_RANGE_LOOP_ANALYSIS = YES;
				CLANG_WARN_STRICT_PROTOTYPES = YES;
				CLANG_WARN_SUSPICIOUS_MOVE = YES;
				CLANG_WARN_UNGUARDED_AVAILABILITY = YES_AGGRESSIVE;
				CLANG_WARN_UNREACHABLE_CODE = YES;
				CLANG_WARN__DUPLICATE_METHOD_MATCH = YES;
				COPY_PHASE_STRIP = NO;
				DEBUG_INFORMATION_FORMAT = "dwarf-with-dsym";
				ENABLE_NS_ASSERTIONS = NO;
				ENABLE_STRICT_OBJC_MSGSEND = YES;
				GCC_C_LANGUAGE_STANDARD = gnu11;
				GCC_NO_COMMON_BLOCKS = YES;
				GCC_WARN_64_TO_32_BIT_CONVERSION = YES;
				GCC_WARN_ABOUT_RETURN_TYPE = YES_ERROR;
				GCC_WARN_UNDECLARED_SELECTOR = YES;
				GCC_WARN_UNINITIALIZED_AUTOS = YES_AGGRESSIVE;
				GCC_WARN_UNUSED_FUNCTION = YES;
				GCC_WARN_UNUSED_VARIABLE = YES;
				IPHONEOS_DEPLOYMENT_TARGET = 15.4;
				MTL_ENABLE_DEBUG_INFO = NO;
				MTL_FAST_MATH = YES;
				SDKROOT = iphoneos;
				SWIFT_COMPILATION_MODE = wholemodule;
				SWIFT_OPTIMIZATION_LEVEL = "-O";
				VALIDATE_PRODUCT = YES;
			};
			name = Release;
		};
		942D3EC1289BF26E006EF29C /* Debug */ = {
			isa = XCBuildConfiguration;
			buildSettings = {
				ASSETCATALOG_COMPILER_APPICON_NAME = AppIcon;
				ASSETCATALOG_COMPILER_GLOBAL_ACCENT_COLOR_NAME = AccentColor;
				CODE_SIGN_STYLE = Automatic;
				CURRENT_PROJECT_VERSION = 1;
				DEVELOPMENT_TEAM = 893MJ9Y23R;
				GENERATE_INFOPLIST_FILE = YES;
				INFOPLIST_FILE = CoreAnimation/Info.plist;
				INFOPLIST_KEY_UIApplicationSupportsIndirectInputEvents = YES;
				INFOPLIST_KEY_UILaunchStoryboardName = LaunchScreen;
				INFOPLIST_KEY_UIMainStoryboardFile = Main;
				INFOPLIST_KEY_UISupportedInterfaceOrientations_iPad = "UIInterfaceOrientationPortrait UIInterfaceOrientationPortraitUpsideDown UIInterfaceOrientationLandscapeLeft UIInterfaceOrientationLandscapeRight";
				INFOPLIST_KEY_UISupportedInterfaceOrientations_iPhone = "UIInterfaceOrientationPortrait UIInterfaceOrientationLandscapeLeft UIInterfaceOrientationLandscapeRight";
				LD_RUNPATH_SEARCH_PATHS = (
					"$(inherited)",
					"@executable_path/Frameworks",
				);
				MARKETING_VERSION = 1.0;
				PRODUCT_BUNDLE_IDENTIFIER = ru.swiftbook.CoreAnimation;
				PRODUCT_NAME = "$(TARGET_NAME)";
				SWIFT_EMIT_LOC_STRINGS = YES;
				SWIFT_VERSION = 5.0;
				TARGETED_DEVICE_FAMILY = 1;
			};
			name = Debug;
		};
		942D3EC2289BF26E006EF29C /* Release */ = {
			isa = XCBuildConfiguration;
			buildSettings = {
				ASSETCATALOG_COMPILER_APPICON_NAME = AppIcon;
				ASSETCATALOG_COMPILER_GLOBAL_ACCENT_COLOR_NAME = AccentColor;
				CODE_SIGN_STYLE = Automatic;
				CURRENT_PROJECT_VERSION = 1;
				DEVELOPMENT_TEAM = 893MJ9Y23R;
				GENERATE_INFOPLIST_FILE = YES;
				INFOPLIST_FILE = CoreAnimation/Info.plist;
				INFOPLIST_KEY_UIApplicationSupportsIndirectInputEvents = YES;
				INFOPLIST_KEY_UILaunchStoryboardName = LaunchScreen;
				INFOPLIST_KEY_UIMainStoryboardFile = Main;
				INFOPLIST_KEY_UISupportedInterfaceOrientations_iPad = "UIInterfaceOrientationPortrait UIInterfaceOrientationPortraitUpsideDown UIInterfaceOrientationLandscapeLeft UIInterfaceOrientationLandscapeRight";
				INFOPLIST_KEY_UISupportedInterfaceOrientations_iPhone = "UIInterfaceOrientationPortrait UIInterfaceOrientationLandscapeLeft UIInterfaceOrientationLandscapeRight";
				LD_RUNPATH_SEARCH_PATHS = (
					"$(inherited)",
					"@executable_path/Frameworks",
				);
				MARKETING_VERSION = 1.0;
				PRODUCT_BUNDLE_IDENTIFIER = ru.swiftbook.CoreAnimation;
				PRODUCT_NAME = "$(TARGET_NAME)";
				SWIFT_EMIT_LOC_STRINGS = YES;
				SWIFT_VERSION = 5.0;
				TARGETED_DEVICE_FAMILY = 1;
			};
			name = Release;
		};
/* End XCBuildConfiguration section */

/* Begin XCConfigurationList section */
		942D3EA7289BF26C006EF29C /* Build configuration list for PBXProject "CoreAnimation" */ = {
			isa = XCConfigurationList;
			buildConfigurations = (
				942D3EBE289BF26E006EF29C /* Debug */,
				942D3EBF289BF26E006EF29C /* Release */,
			);
			defaultConfigurationIsVisible = 0;
			defaultConfigurationName = Release;
		};
		942D3EC0289BF26E006EF29C /* Build configuration list for PBXNativeTarget "CoreAnimation" */ = {
			isa = XCConfigurationList;
			buildConfigurations = (
				942D3EC1289BF26E006EF29C /* Debug */,
				942D3EC2289BF26E006EF29C /* Release */,
			);
			defaultConfigurationIsVisible = 0;
			defaultConfigurationName = Release;
		};
/* End XCConfigurationList section */

/* Begin XCRemoteSwiftPackageReference section */
		942D3EC3289BF698006EF29C /* XCRemoteSwiftPackageReference "SpringAnimation" */ = {
			isa = XCRemoteSwiftPackageReference;
			repositoryURL = "https://github.com/LexDeBash/SpringAnimation.git";
			requirement = {
				kind = upToNextMinorVersion;
				minimumVersion = 0.3.0;
			};
		};
/* End XCRemoteSwiftPackageReference section */

/* Begin XCSwiftPackageProductDependency section */
		942D3EC4289BF699006EF29C /* SpringAnimation */ = {
			isa = XCSwiftPackageProductDependency;
			package = 942D3EC3289BF698006EF29C /* XCRemoteSwiftPackageReference "SpringAnimation" */;
			productName = SpringAnimation;
		};
/* End XCSwiftPackageProductDependency section */
	};
	rootObject = 942D3EA4289BF26C006EF29C /* Project object */;
}
